// !$*UTF8*$!
{
	archiveVersion = 1;
	classes = {
	};
	objectVersion = 55;
	objects = {

/* Begin PBXBuildFile section */
		190C61F427DB723E00DF92C2 /* AppDelegate.swift in Sources */ = {isa = PBXBuildFile; fileRef = 190C61F327DB723E00DF92C2 /* AppDelegate.swift */; };
		190C61F627DB723E00DF92C2 /* SceneDelegate.swift in Sources */ = {isa = PBXBuildFile; fileRef = 190C61F527DB723E00DF92C2 /* SceneDelegate.swift */; };
		190C61F827DB723E00DF92C2 /* ShiftsViewController.swift in Sources */ = {isa = PBXBuildFile; fileRef = 190C61F727DB723E00DF92C2 /* ShiftsViewController.swift */; };
		190C61FD27DB724100DF92C2 /* Assets.xcassets in Resources */ = {isa = PBXBuildFile; fileRef = 190C61FC27DB724100DF92C2 /* Assets.xcassets */; };
		190C620027DB724100DF92C2 /* LaunchScreen.storyboard in Resources */ = {isa = PBXBuildFile; fileRef = 190C61FE27DB724100DF92C2 /* LaunchScreen.storyboard */; };
		190C620B27DB724100DF92C2 /* StorageTests.swift in Sources */ = {isa = PBXBuildFile; fileRef = 190C620A27DB724100DF92C2 /* StorageTests.swift */; };
		190C621527DB724100DF92C2 /* ShiftsUITests.swift in Sources */ = {isa = PBXBuildFile; fileRef = 190C621427DB724100DF92C2 /* ShiftsUITests.swift */; };
		190C621727DB724100DF92C2 /* ShiftsUITestsLaunchTests.swift in Sources */ = {isa = PBXBuildFile; fileRef = 190C621627DB724100DF92C2 /* ShiftsUITestsLaunchTests.swift */; };
		190C622F27DB7D2700DF92C2 /* Localizable.strings in Resources */ = {isa = PBXBuildFile; fileRef = 190C623127DB7D2700DF92C2 /* Localizable.strings */; };
		190C623E27DB813100DF92C2 /* ShiftsViewController.swift in Sources */ = {isa = PBXBuildFile; fileRef = 190C61F727DB723E00DF92C2 /* ShiftsViewController.swift */; };
		190C623F27DB813100DF92C2 /* AppDelegate.swift in Sources */ = {isa = PBXBuildFile; fileRef = 190C61F327DB723E00DF92C2 /* AppDelegate.swift */; };
		190C624027DB813100DF92C2 /* SceneDelegate.swift in Sources */ = {isa = PBXBuildFile; fileRef = 190C61F527DB723E00DF92C2 /* SceneDelegate.swift */; };
		190C624327DB813100DF92C2 /* LaunchScreen.storyboard in Resources */ = {isa = PBXBuildFile; fileRef = 190C61FE27DB724100DF92C2 /* LaunchScreen.storyboard */; };
		190C624427DB813100DF92C2 /* Localizable.strings in Resources */ = {isa = PBXBuildFile; fileRef = 190C623127DB7D2700DF92C2 /* Localizable.strings */; };
		190C624527DB813100DF92C2 /* Assets.xcassets in Resources */ = {isa = PBXBuildFile; fileRef = 190C61FC27DB724100DF92C2 /* Assets.xcassets */; };
		190C624E27DB894300DF92C2 /* SHStorageManager.swift in Sources */ = {isa = PBXBuildFile; fileRef = 190C624D27DB894300DF92C2 /* SHStorageManager.swift */; };
		190C624F27DB894300DF92C2 /* SHStorageManager.swift in Sources */ = {isa = PBXBuildFile; fileRef = 190C624D27DB894300DF92C2 /* SHStorageManager.swift */; };
		190C625127DB8DA900DF92C2 /* SHError.swift in Sources */ = {isa = PBXBuildFile; fileRef = 190C625027DB8DA900DF92C2 /* SHError.swift */; };
		190C625227DB8DA900DF92C2 /* SHError.swift in Sources */ = {isa = PBXBuildFile; fileRef = 190C625027DB8DA900DF92C2 /* SHError.swift */; };
		190C625427DB96E100DF92C2 /* SHLocalJSONStorage.swift in Sources */ = {isa = PBXBuildFile; fileRef = 190C625327DB96E100DF92C2 /* SHLocalJSONStorage.swift */; };
		190C625527DB96E100DF92C2 /* SHLocalJSONStorage.swift in Sources */ = {isa = PBXBuildFile; fileRef = 190C625327DB96E100DF92C2 /* SHLocalJSONStorage.swift */; };
		190C625827DB9F3500DF92C2 /* People.json in Resources */ = {isa = PBXBuildFile; fileRef = 190C625627DB9F3500DF92C2 /* People.json */; };
		190C625927DB9F3500DF92C2 /* People.json in Resources */ = {isa = PBXBuildFile; fileRef = 190C625627DB9F3500DF92C2 /* People.json */; };
		190C625A27DB9F3500DF92C2 /* Shifts.json in Resources */ = {isa = PBXBuildFile; fileRef = 190C625727DB9F3500DF92C2 /* Shifts.json */; };
		190C625B27DB9F3500DF92C2 /* Shifts.json in Resources */ = {isa = PBXBuildFile; fileRef = 190C625727DB9F3500DF92C2 /* Shifts.json */; };
		190C625E27DBA1CD00DF92C2 /* Person.swift in Sources */ = {isa = PBXBuildFile; fileRef = 190C625D27DBA1CD00DF92C2 /* Person.swift */; };
		190C625F27DBA1CD00DF92C2 /* Person.swift in Sources */ = {isa = PBXBuildFile; fileRef = 190C625D27DBA1CD00DF92C2 /* Person.swift */; };
		190C636927DBA9AD00DF92C2 /* ShiftModel.swift in Sources */ = {isa = PBXBuildFile; fileRef = 190C636827DBA9AD00DF92C2 /* ShiftModel.swift */; };
		190C636A27DBA9AD00DF92C2 /* ShiftModel.swift in Sources */ = {isa = PBXBuildFile; fileRef = 190C636827DBA9AD00DF92C2 /* ShiftModel.swift */; };
		190C637127DE0EB900DF92C2 /* SHShiftsListUseCase.swift in Sources */ = {isa = PBXBuildFile; fileRef = 190C637027DE0EB900DF92C2 /* SHShiftsListUseCase.swift */; };
		190C637427DE100200DF92C2 /* ShiftData.swift in Sources */ = {isa = PBXBuildFile; fileRef = 190C637327DE100200DF92C2 /* ShiftData.swift */; };
		190C637527DE100200DF92C2 /* ShiftData.swift in Sources */ = {isa = PBXBuildFile; fileRef = 190C637327DE100200DF92C2 /* ShiftData.swift */; };
		190C637627DE100700DF92C2 /* SHShiftsListUseCase.swift in Sources */ = {isa = PBXBuildFile; fileRef = 190C637027DE0EB900DF92C2 /* SHShiftsListUseCase.swift */; };
		190C637927DE126A00DF92C2 /* SHShiftListRepositoryProtocol.swift in Sources */ = {isa = PBXBuildFile; fileRef = 190C637827DE126A00DF92C2 /* SHShiftListRepositoryProtocol.swift */; };
		190C637A27DE126A00DF92C2 /* SHShiftListRepositoryProtocol.swift in Sources */ = {isa = PBXBuildFile; fileRef = 190C637827DE126A00DF92C2 /* SHShiftListRepositoryProtocol.swift */; };
/* End PBXBuildFile section */

/* Begin PBXContainerItemProxy section */
		190C620727DB724100DF92C2 /* PBXContainerItemProxy */ = {
			isa = PBXContainerItemProxy;
			containerPortal = 190C61E827DB723E00DF92C2 /* Project object */;
			proxyType = 1;
			remoteGlobalIDString = 190C61EF27DB723E00DF92C2;
			remoteInfo = Shifts;
		};
		190C621127DB724100DF92C2 /* PBXContainerItemProxy */ = {
			isa = PBXContainerItemProxy;
			containerPortal = 190C61E827DB723E00DF92C2 /* Project object */;
			proxyType = 1;
			remoteGlobalIDString = 190C61EF27DB723E00DF92C2;
			remoteInfo = Shifts;
		};
/* End PBXContainerItemProxy section */

/* Begin PBXFileReference section */
		190C61F027DB723E00DF92C2 /* Shifts.app */ = {isa = PBXFileReference; explicitFileType = wrapper.application; includeInIndex = 0; path = Shifts.app; sourceTree = BUILT_PRODUCTS_DIR; };
		190C61F327DB723E00DF92C2 /* AppDelegate.swift */ = {isa = PBXFileReference; lastKnownFileType = sourcecode.swift; path = AppDelegate.swift; sourceTree = "<group>"; };
		190C61F527DB723E00DF92C2 /* SceneDelegate.swift */ = {isa = PBXFileReference; lastKnownFileType = sourcecode.swift; path = SceneDelegate.swift; sourceTree = "<group>"; };
		190C61F727DB723E00DF92C2 /* ShiftsViewController.swift */ = {isa = PBXFileReference; lastKnownFileType = sourcecode.swift; path = ShiftsViewController.swift; sourceTree = "<group>"; };
		190C61FC27DB724100DF92C2 /* Assets.xcassets */ = {isa = PBXFileReference; lastKnownFileType = folder.assetcatalog; path = Assets.xcassets; sourceTree = "<group>"; };
		190C61FF27DB724100DF92C2 /* Base */ = {isa = PBXFileReference; lastKnownFileType = file.storyboard; name = Base; path = Base.lproj/LaunchScreen.storyboard; sourceTree = "<group>"; };
		190C620127DB724100DF92C2 /* Info.plist */ = {isa = PBXFileReference; lastKnownFileType = text.plist.xml; path = Info.plist; sourceTree = "<group>"; };
		190C620627DB724100DF92C2 /* ShiftsTests.xctest */ = {isa = PBXFileReference; explicitFileType = wrapper.cfbundle; includeInIndex = 0; path = ShiftsTests.xctest; sourceTree = BUILT_PRODUCTS_DIR; };
		190C620A27DB724100DF92C2 /* StorageTests.swift */ = {isa = PBXFileReference; lastKnownFileType = sourcecode.swift; path = StorageTests.swift; sourceTree = "<group>"; };
		190C621027DB724100DF92C2 /* ShiftsUITests.xctest */ = {isa = PBXFileReference; explicitFileType = wrapper.cfbundle; includeInIndex = 0; path = ShiftsUITests.xctest; sourceTree = BUILT_PRODUCTS_DIR; };
		190C621427DB724100DF92C2 /* ShiftsUITests.swift */ = {isa = PBXFileReference; lastKnownFileType = sourcecode.swift; path = ShiftsUITests.swift; sourceTree = "<group>"; };
		190C621627DB724100DF92C2 /* ShiftsUITestsLaunchTests.swift */ = {isa = PBXFileReference; lastKnownFileType = sourcecode.swift; path = ShiftsUITestsLaunchTests.swift; sourceTree = "<group>"; };
		190C623027DB7D2700DF92C2 /* en */ = {isa = PBXFileReference; lastKnownFileType = text.plist.strings; name = en; path = en.lproj/Localizable.strings; sourceTree = "<group>"; };
		190C624927DB813100DF92C2 /* Shifts-Test.app */ = {isa = PBXFileReference; explicitFileType = wrapper.application; includeInIndex = 0; path = "Shifts-Test.app"; sourceTree = BUILT_PRODUCTS_DIR; };
		190C624A27DB823000DF92C2 /* Info-Test.plist */ = {isa = PBXFileReference; fileEncoding = 4; lastKnownFileType = text.plist.xml; path = "Info-Test.plist"; sourceTree = "<group>"; };
		190C624D27DB894300DF92C2 /* SHStorageManager.swift */ = {isa = PBXFileReference; lastKnownFileType = sourcecode.swift; path = SHStorageManager.swift; sourceTree = "<group>"; };
		190C625027DB8DA900DF92C2 /* SHError.swift */ = {isa = PBXFileReference; lastKnownFileType = sourcecode.swift; path = SHError.swift; sourceTree = "<group>"; };
		190C625327DB96E100DF92C2 /* SHLocalJSONStorage.swift */ = {isa = PBXFileReference; lastKnownFileType = sourcecode.swift; path = SHLocalJSONStorage.swift; sourceTree = "<group>"; };
		190C625627DB9F3500DF92C2 /* People.json */ = {isa = PBXFileReference; fileEncoding = 4; lastKnownFileType = text.json; path = People.json; sourceTree = "<group>"; };
		190C625727DB9F3500DF92C2 /* Shifts.json */ = {isa = PBXFileReference; fileEncoding = 4; lastKnownFileType = text.json; path = Shifts.json; sourceTree = "<group>"; };
		190C625D27DBA1CD00DF92C2 /* Person.swift */ = {isa = PBXFileReference; lastKnownFileType = sourcecode.swift; path = Person.swift; sourceTree = "<group>"; };
		190C636827DBA9AD00DF92C2 /* ShiftModel.swift */ = {isa = PBXFileReference; lastKnownFileType = sourcecode.swift; path = ShiftModel.swift; sourceTree = "<group>"; };
		190C636C27DDF2EB00DF92C2 /* en */ = {isa = PBXFileReference; lastKnownFileType = text.plist.strings; name = en; path = en.lproj/LaunchScreen.strings; sourceTree = "<group>"; };
		190C636D27DDF31500DF92C2 /* es-419 */ = {isa = PBXFileReference; lastKnownFileType = text.plist.strings; name = "es-419"; path = "es-419.lproj/LaunchScreen.strings"; sourceTree = "<group>"; };
		190C636E27DDF31500DF92C2 /* es-419 */ = {isa = PBXFileReference; lastKnownFileType = text.plist.strings; name = "es-419"; path = "es-419.lproj/Localizable.strings"; sourceTree = "<group>"; };
		190C637027DE0EB900DF92C2 /* SHShiftsListUseCase.swift */ = {isa = PBXFileReference; lastKnownFileType = sourcecode.swift; path = SHShiftsListUseCase.swift; sourceTree = "<group>"; };
		190C637327DE100200DF92C2 /* ShiftData.swift */ = {isa = PBXFileReference; lastKnownFileType = sourcecode.swift; path = ShiftData.swift; sourceTree = "<group>"; };
		190C637827DE126A00DF92C2 /* SHShiftListRepositoryProtocol.swift */ = {isa = PBXFileReference; lastKnownFileType = sourcecode.swift; path = SHShiftListRepositoryProtocol.swift; sourceTree = "<group>"; };
/* End PBXFileReference section */

/* Begin PBXFrameworksBuildPhase section */
		190C61ED27DB723E00DF92C2 /* Frameworks */ = {
			isa = PBXFrameworksBuildPhase;
			buildActionMask = 2147483647;
			files = (
			);
			runOnlyForDeploymentPostprocessing = 0;
		};
		190C620327DB724100DF92C2 /* Frameworks */ = {
			isa = PBXFrameworksBuildPhase;
			buildActionMask = 2147483647;
			files = (
			);
			runOnlyForDeploymentPostprocessing = 0;
		};
		190C620D27DB724100DF92C2 /* Frameworks */ = {
			isa = PBXFrameworksBuildPhase;
			buildActionMask = 2147483647;
			files = (
			);
			runOnlyForDeploymentPostprocessing = 0;
		};
		190C624127DB813100DF92C2 /* Frameworks */ = {
			isa = PBXFrameworksBuildPhase;
			buildActionMask = 2147483647;
			files = (
			);
			runOnlyForDeploymentPostprocessing = 0;
		};
/* End PBXFrameworksBuildPhase section */

/* Begin PBXGroup section */
		190C61E727DB723E00DF92C2 = {
			isa = PBXGroup;
			children = (
				190C61F227DB723E00DF92C2 /* Shifts */,
				190C620927DB724100DF92C2 /* ShiftsTests */,
				190C621327DB724100DF92C2 /* ShiftsUITests */,
				190C61F127DB723E00DF92C2 /* Products */,
			);
			sourceTree = "<group>";
		};
		190C61F127DB723E00DF92C2 /* Products */ = {
			isa = PBXGroup;
			children = (
				190C61F027DB723E00DF92C2 /* Shifts.app */,
				190C620627DB724100DF92C2 /* ShiftsTests.xctest */,
				190C621027DB724100DF92C2 /* ShiftsUITests.xctest */,
				190C624927DB813100DF92C2 /* Shifts-Test.app */,
			);
			name = Products;
			sourceTree = "<group>";
		};
		190C61F227DB723E00DF92C2 /* Shifts */ = {
			isa = PBXGroup;
			children = (
				190C622327DB7B5F00DF92C2 /* Domain */,
				190C622427DB7B6800DF92C2 /* Data */,
				190C622527DB7B7100DF92C2 /* Presentation */,
				190C622C27DB7C1400DF92C2 /* Support Files */,
				190C623227DB7D8B00DF92C2 /* Resources */,
			);
			path = Shifts;
			sourceTree = "<group>";
		};
		190C620927DB724100DF92C2 /* ShiftsTests */ = {
			isa = PBXGroup;
			children = (
				190C620A27DB724100DF92C2 /* StorageTests.swift */,
			);
			path = ShiftsTests;
			sourceTree = "<group>";
		};
		190C621327DB724100DF92C2 /* ShiftsUITests */ = {
			isa = PBXGroup;
			children = (
				190C621427DB724100DF92C2 /* ShiftsUITests.swift */,
				190C621627DB724100DF92C2 /* ShiftsUITestsLaunchTests.swift */,
			);
			path = ShiftsUITests;
			sourceTree = "<group>";
		};
		190C622327DB7B5F00DF92C2 /* Domain */ = {
			isa = PBXGroup;
			children = (
				190C623727DB7DFD00DF92C2 /* UseCase */,
				190C623627DB7DF600DF92C2 /* Model */,
				190C623527DB7DEF00DF92C2 /* Repository */,
			);
			path = Domain;
			sourceTree = "<group>";
		};
		190C622427DB7B6800DF92C2 /* Data */ = {
			isa = PBXGroup;
			children = (
				190C623B27DB80E900DF92C2 /* Util */,
				190C623A27DB7E2100DF92C2 /* DataSource */,
				190C623927DB7E1A00DF92C2 /* Model */,
				190C623827DB7E1000DF92C2 /* Repository */,
			);
			path = Data;
			sourceTree = "<group>";
		};
		190C622527DB7B7100DF92C2 /* Presentation */ = {
			isa = PBXGroup;
			children = (
				190C622627DB7B8800DF92C2 /* View */,
				190C622827DB7B9B00DF92C2 /* UI */,
				190C622727DB7B9300DF92C2 /* Support */,
			);
			path = Presentation;
			sourceTree = "<group>";
		};
		190C622627DB7B8800DF92C2 /* View */ = {
			isa = PBXGroup;
			children = (
				190C623427DB7DCE00DF92C2 /* ShiftList */,
			);
			path = View;
			sourceTree = "<group>";
		};
		190C622727DB7B9300DF92C2 /* Support */ = {
			isa = PBXGroup;
			children = (
				190C622B27DB7BF400DF92C2 /* Custom Views */,
				190C622A27DB7BEC00DF92C2 /* Extensions */,
				190C622927DB7BE400DF92C2 /* Style */,
				190C61F327DB723E00DF92C2 /* AppDelegate.swift */,
				190C61F527DB723E00DF92C2 /* SceneDelegate.swift */,
			);
			path = Support;
			sourceTree = "<group>";
		};
		190C622827DB7B9B00DF92C2 /* UI */ = {
			isa = PBXGroup;
			children = (
				190C61FE27DB724100DF92C2 /* LaunchScreen.storyboard */,
			);
			path = UI;
			sourceTree = "<group>";
		};
		190C622927DB7BE400DF92C2 /* Style */ = {
			isa = PBXGroup;
			children = (
			);
			path = Style;
			sourceTree = "<group>";
		};
		190C622A27DB7BEC00DF92C2 /* Extensions */ = {
			isa = PBXGroup;
			children = (
			);
			path = Extensions;
			sourceTree = "<group>";
		};
		190C622B27DB7BF400DF92C2 /* Custom Views */ = {
			isa = PBXGroup;
			children = (
			);
			path = "Custom Views";
			sourceTree = "<group>";
		};
		190C622C27DB7C1400DF92C2 /* Support Files */ = {
			isa = PBXGroup;
			children = (
				190C625627DB9F3500DF92C2 /* People.json */,
				190C625727DB9F3500DF92C2 /* Shifts.json */,
				190C624A27DB823000DF92C2 /* Info-Test.plist */,
				190C620127DB724100DF92C2 /* Info.plist */,
				190C623127DB7D2700DF92C2 /* Localizable.strings */,
			);
			path = "Support Files";
			sourceTree = "<group>";
		};
		190C623227DB7D8B00DF92C2 /* Resources */ = {
			isa = PBXGroup;
			children = (
				190C623327DB7DA400DF92C2 /* Json */,
				190C61FC27DB724100DF92C2 /* Assets.xcassets */,
			);
			path = Resources;
			sourceTree = "<group>";
		};
		190C623327DB7DA400DF92C2 /* Json */ = {
			isa = PBXGroup;
			children = (
			);
			path = Json;
			sourceTree = "<group>";
		};
		190C623427DB7DCE00DF92C2 /* ShiftList */ = {
			isa = PBXGroup;
			children = (
				190C61F727DB723E00DF92C2 /* ShiftsViewController.swift */,
			);
			path = ShiftList;
			sourceTree = "<group>";
		};
		190C623527DB7DEF00DF92C2 /* Repository */ = {
			isa = PBXGroup;
			children = (
				190C637727DE125500DF92C2 /* ShiftList */,
			);
			path = Repository;
			sourceTree = "<group>";
		};
		190C623627DB7DF600DF92C2 /* Model */ = {
			isa = PBXGroup;
			children = (
				190C637227DE0FB100DF92C2 /* ShiftList */,
			);
			path = Model;
			sourceTree = "<group>";
		};
		190C623727DB7DFD00DF92C2 /* UseCase */ = {
			isa = PBXGroup;
			children = (
				190C636F27DE0E9800DF92C2 /* ShiftList */,
			);
			path = UseCase;
			sourceTree = "<group>";
		};
		190C623827DB7E1000DF92C2 /* Repository */ = {
			isa = PBXGroup;
			children = (
			);
			path = Repository;
			sourceTree = "<group>";
		};
		190C623927DB7E1A00DF92C2 /* Model */ = {
			isa = PBXGroup;
			children = (
				190C625C27DBA1BD00DF92C2 /* ShiftList */,
			);
			path = Model;
			sourceTree = "<group>";
		};
		190C623A27DB7E2100DF92C2 /* DataSource */ = {
			isa = PBXGroup;
			children = (
				190C624C27DB892200DF92C2 /* Storage */,
			);
			path = DataSource;
			sourceTree = "<group>";
		};
		190C623B27DB80E900DF92C2 /* Util */ = {
			isa = PBXGroup;
			children = (
			);
			path = Util;
			sourceTree = "<group>";
		};
		190C624C27DB892200DF92C2 /* Storage */ = {
			isa = PBXGroup;
			children = (
				190C624D27DB894300DF92C2 /* SHStorageManager.swift */,
				190C625027DB8DA900DF92C2 /* SHError.swift */,
				190C625327DB96E100DF92C2 /* SHLocalJSONStorage.swift */,
			);
			path = Storage;
			sourceTree = "<group>";
		};
		190C625C27DBA1BD00DF92C2 /* ShiftList */ = {
			isa = PBXGroup;
			children = (
				190C625D27DBA1CD00DF92C2 /* Person.swift */,
				190C636827DBA9AD00DF92C2 /* ShiftModel.swift */,
			);
			path = ShiftList;
			sourceTree = "<group>";
		};
		190C636F27DE0E9800DF92C2 /* ShiftList */ = {
			isa = PBXGroup;
			children = (
				190C637027DE0EB900DF92C2 /* SHShiftsListUseCase.swift */,
			);
			path = ShiftList;
			sourceTree = "<group>";
		};
		190C637227DE0FB100DF92C2 /* ShiftList */ = {
			isa = PBXGroup;
			children = (
				190C637327DE100200DF92C2 /* ShiftData.swift */,
			);
			path = ShiftList;
			sourceTree = "<group>";
		};
		190C637727DE125500DF92C2 /* ShiftList */ = {
			isa = PBXGroup;
			children = (
				190C637827DE126A00DF92C2 /* SHShiftListRepositoryProtocol.swift */,
			);
			path = ShiftList;
			sourceTree = "<group>";
		};
/* End PBXGroup section */

/* Begin PBXNativeTarget section */
		190C61EF27DB723E00DF92C2 /* Shifts */ = {
			isa = PBXNativeTarget;
			buildConfigurationList = 190C621A27DB724200DF92C2 /* Build configuration list for PBXNativeTarget "Shifts" */;
			buildPhases = (
				190C61EC27DB723E00DF92C2 /* Sources */,
				190C61ED27DB723E00DF92C2 /* Frameworks */,
				190C61EE27DB723E00DF92C2 /* Resources */,
			);
			buildRules = (
			);
			dependencies = (
			);
			name = Shifts;
			productName = Shifts;
			productReference = 190C61F027DB723E00DF92C2 /* Shifts.app */;
			productType = "com.apple.product-type.application";
		};
		190C620527DB724100DF92C2 /* ShiftsTests */ = {
			isa = PBXNativeTarget;
			buildConfigurationList = 190C621D27DB724200DF92C2 /* Build configuration list for PBXNativeTarget "ShiftsTests" */;
			buildPhases = (
				190C620227DB724100DF92C2 /* Sources */,
				190C620327DB724100DF92C2 /* Frameworks */,
				190C620427DB724100DF92C2 /* Resources */,
			);
			buildRules = (
			);
			dependencies = (
				190C620827DB724100DF92C2 /* PBXTargetDependency */,
			);
			name = ShiftsTests;
			productName = ShiftsTests;
			productReference = 190C620627DB724100DF92C2 /* ShiftsTests.xctest */;
			productType = "com.apple.product-type.bundle.unit-test";
		};
		190C620F27DB724100DF92C2 /* ShiftsUITests */ = {
			isa = PBXNativeTarget;
			buildConfigurationList = 190C622027DB724200DF92C2 /* Build configuration list for PBXNativeTarget "ShiftsUITests" */;
			buildPhases = (
				190C620C27DB724100DF92C2 /* Sources */,
				190C620D27DB724100DF92C2 /* Frameworks */,
				190C620E27DB724100DF92C2 /* Resources */,
			);
			buildRules = (
			);
			dependencies = (
				190C621227DB724100DF92C2 /* PBXTargetDependency */,
			);
			name = ShiftsUITests;
			productName = ShiftsUITests;
			productReference = 190C621027DB724100DF92C2 /* ShiftsUITests.xctest */;
			productType = "com.apple.product-type.bundle.ui-testing";
		};
		190C623C27DB813100DF92C2 /* Shifts-Test */ = {
			isa = PBXNativeTarget;
			buildConfigurationList = 190C624627DB813100DF92C2 /* Build configuration list for PBXNativeTarget "Shifts-Test" */;
			buildPhases = (
				190C623D27DB813100DF92C2 /* Sources */,
				190C624127DB813100DF92C2 /* Frameworks */,
				190C624227DB813100DF92C2 /* Resources */,
			);
			buildRules = (
			);
			dependencies = (
			);
			name = "Shifts-Test";
			productName = Shifts;
			productReference = 190C624927DB813100DF92C2 /* Shifts-Test.app */;
			productType = "com.apple.product-type.application";
		};
/* End PBXNativeTarget section */

/* Begin PBXProject section */
		190C61E827DB723E00DF92C2 /* Project object */ = {
			isa = PBXProject;
			attributes = {
				BuildIndependentTargetsInParallel = 1;
				LastSwiftUpdateCheck = 1320;
				LastUpgradeCheck = 1320;
				TargetAttributes = {
					190C61EF27DB723E00DF92C2 = {
						CreatedOnToolsVersion = 13.2;
					};
					190C620527DB724100DF92C2 = {
						CreatedOnToolsVersion = 13.2;
						TestTargetID = 190C61EF27DB723E00DF92C2;
					};
					190C620F27DB724100DF92C2 = {
						CreatedOnToolsVersion = 13.2;
						TestTargetID = 190C61EF27DB723E00DF92C2;
					};
				};
			};
			buildConfigurationList = 190C61EB27DB723E00DF92C2 /* Build configuration list for PBXProject "Shifts" */;
			compatibilityVersion = "Xcode 13.0";
			developmentRegion = en;
			hasScannedForEncodings = 0;
			knownRegions = (
				en,
				Base,
				"es-419",
			);
			mainGroup = 190C61E727DB723E00DF92C2;
			productRefGroup = 190C61F127DB723E00DF92C2 /* Products */;
			projectDirPath = "";
			projectRoot = "";
			targets = (
				190C61EF27DB723E00DF92C2 /* Shifts */,
				190C623C27DB813100DF92C2 /* Shifts-Test */,
				190C620527DB724100DF92C2 /* ShiftsTests */,
				190C620F27DB724100DF92C2 /* ShiftsUITests */,
			);
		};
/* End PBXProject section */

/* Begin PBXResourcesBuildPhase section */
		190C61EE27DB723E00DF92C2 /* Resources */ = {
			isa = PBXResourcesBuildPhase;
			buildActionMask = 2147483647;
			files = (
				190C625827DB9F3500DF92C2 /* People.json in Resources */,
				190C620027DB724100DF92C2 /* LaunchScreen.storyboard in Resources */,
				190C625A27DB9F3500DF92C2 /* Shifts.json in Resources */,
				190C622F27DB7D2700DF92C2 /* Localizable.strings in Resources */,
				190C61FD27DB724100DF92C2 /* Assets.xcassets in Resources */,
			);
			runOnlyForDeploymentPostprocessing = 0;
		};
		190C620427DB724100DF92C2 /* Resources */ = {
			isa = PBXResourcesBuildPhase;
			buildActionMask = 2147483647;
			files = (
			);
			runOnlyForDeploymentPostprocessing = 0;
		};
		190C620E27DB724100DF92C2 /* Resources */ = {
			isa = PBXResourcesBuildPhase;
			buildActionMask = 2147483647;
			files = (
			);
			runOnlyForDeploymentPostprocessing = 0;
		};
		190C624227DB813100DF92C2 /* Resources */ = {
			isa = PBXResourcesBuildPhase;
			buildActionMask = 2147483647;
			files = (
				190C625927DB9F3500DF92C2 /* People.json in Resources */,
				190C624327DB813100DF92C2 /* LaunchScreen.storyboard in Resources */,
				190C625B27DB9F3500DF92C2 /* Shifts.json in Resources */,
				190C624427DB813100DF92C2 /* Localizable.strings in Resources */,
				190C624527DB813100DF92C2 /* Assets.xcassets in Resources */,
			);
			runOnlyForDeploymentPostprocessing = 0;
		};
/* End PBXResourcesBuildPhase section */

/* Begin PBXSourcesBuildPhase section */
		190C61EC27DB723E00DF92C2 /* Sources */ = {
			isa = PBXSourcesBuildPhase;
			buildActionMask = 2147483647;
			files = (
				190C637927DE126A00DF92C2 /* SHShiftListRepositoryProtocol.swift in Sources */,
				190C625427DB96E100DF92C2 /* SHLocalJSONStorage.swift in Sources */,
				190C637127DE0EB900DF92C2 /* SHShiftsListUseCase.swift in Sources */,
				190C624E27DB894300DF92C2 /* SHStorageManager.swift in Sources */,
				190C636927DBA9AD00DF92C2 /* ShiftModel.swift in Sources */,
				190C61F827DB723E00DF92C2 /* ShiftsViewController.swift in Sources */,
				190C61F427DB723E00DF92C2 /* AppDelegate.swift in Sources */,
				190C625E27DBA1CD00DF92C2 /* Person.swift in Sources */,
				190C61F627DB723E00DF92C2 /* SceneDelegate.swift in Sources */,
				190C637427DE100200DF92C2 /* ShiftData.swift in Sources */,
				190C625127DB8DA900DF92C2 /* SHError.swift in Sources */,
			);
			runOnlyForDeploymentPostprocessing = 0;
		};
		190C620227DB724100DF92C2 /* Sources */ = {
			isa = PBXSourcesBuildPhase;
			buildActionMask = 2147483647;
			files = (
				190C620B27DB724100DF92C2 /* StorageTests.swift in Sources */,
			);
			runOnlyForDeploymentPostprocessing = 0;
		};
		190C620C27DB724100DF92C2 /* Sources */ = {
			isa = PBXSourcesBuildPhase;
			buildActionMask = 2147483647;
			files = (
				190C621527DB724100DF92C2 /* ShiftsUITests.swift in Sources */,
				190C621727DB724100DF92C2 /* ShiftsUITestsLaunchTests.swift in Sources */,
			);
			runOnlyForDeploymentPostprocessing = 0;
		};
		190C623D27DB813100DF92C2 /* Sources */ = {
			isa = PBXSourcesBuildPhase;
			buildActionMask = 2147483647;
			files = (
				190C637A27DE126A00DF92C2 /* SHShiftListRepositoryProtocol.swift in Sources */,
				190C625527DB96E100DF92C2 /* SHLocalJSONStorage.swift in Sources */,
				190C637527DE100200DF92C2 /* ShiftData.swift in Sources */,
				190C624F27DB894300DF92C2 /* SHStorageManager.swift in Sources */,
				190C637627DE100700DF92C2 /* SHShiftsListUseCase.swift in Sources */,
				190C636A27DBA9AD00DF92C2 /* ShiftModel.swift in Sources */,
				190C623E27DB813100DF92C2 /* ShiftsViewController.swift in Sources */,
				190C623F27DB813100DF92C2 /* AppDelegate.swift in Sources */,
				190C625F27DBA1CD00DF92C2 /* Person.swift in Sources */,
				190C624027DB813100DF92C2 /* SceneDelegate.swift in Sources */,
				190C625227DB8DA900DF92C2 /* SHError.swift in Sources */,
			);
			runOnlyForDeploymentPostprocessing = 0;
		};
/* End PBXSourcesBuildPhase section */

/* Begin PBXTargetDependency section */
		190C620827DB724100DF92C2 /* PBXTargetDependency */ = {
			isa = PBXTargetDependency;
			target = 190C61EF27DB723E00DF92C2 /* Shifts */;
			targetProxy = 190C620727DB724100DF92C2 /* PBXContainerItemProxy */;
		};
		190C621227DB724100DF92C2 /* PBXTargetDependency */ = {
			isa = PBXTargetDependency;
			target = 190C61EF27DB723E00DF92C2 /* Shifts */;
			targetProxy = 190C621127DB724100DF92C2 /* PBXContainerItemProxy */;
		};
/* End PBXTargetDependency section */

/* Begin PBXVariantGroup section */
		190C61FE27DB724100DF92C2 /* LaunchScreen.storyboard */ = {
			isa = PBXVariantGroup;
			children = (
				190C61FF27DB724100DF92C2 /* Base */,
				190C636C27DDF2EB00DF92C2 /* en */,
				190C636D27DDF31500DF92C2 /* es-419 */,
			);
			name = LaunchScreen.storyboard;
			sourceTree = "<group>";
		};
		190C623127DB7D2700DF92C2 /* Localizable.strings */ = {
			isa = PBXVariantGroup;
			children = (
				190C623027DB7D2700DF92C2 /* en */,
				190C636E27DDF31500DF92C2 /* es-419 */,
			);
			name = Localizable.strings;
			sourceTree = "<group>";
		};
/* End PBXVariantGroup section */

/* Begin XCBuildConfiguration section */
		190C621827DB724200DF92C2 /* Debug */ = {
			isa = XCBuildConfiguration;
			buildSettings = {
				ALWAYS_SEARCH_USER_PATHS = NO;
				CLANG_ANALYZER_LOCALIZABILITY_NONLOCALIZED = YES;
				CLANG_ANALYZER_NONNULL = YES;
				CLANG_ANALYZER_NUMBER_OBJECT_CONVERSION = YES_AGGRESSIVE;
				CLANG_CXX_LANGUAGE_STANDARD = "gnu++17";
				CLANG_CXX_LIBRARY = "libc++";
				CLANG_ENABLE_MODULES = YES;
				CLANG_ENABLE_OBJC_ARC = YES;
				CLANG_ENABLE_OBJC_WEAK = YES;
				CLANG_WARN_BLOCK_CAPTURE_AUTORELEASING = YES;
				CLANG_WARN_BOOL_CONVERSION = YES;
				CLANG_WARN_COMMA = YES;
				CLANG_WARN_CONSTANT_CONVERSION = YES;
				CLANG_WARN_DEPRECATED_OBJC_IMPLEMENTATIONS = YES;
				CLANG_WARN_DIRECT_OBJC_ISA_USAGE = YES_ERROR;
				CLANG_WARN_DOCUMENTATION_COMMENTS = YES;
				CLANG_WARN_EMPTY_BODY = YES;
				CLANG_WARN_ENUM_CONVERSION = YES;
				CLANG_WARN_INFINITE_RECURSION = YES;
				CLANG_WARN_INT_CONVERSION = YES;
				CLANG_WARN_NON_LITERAL_NULL_CONVERSION = YES;
				CLANG_WARN_OBJC_IMPLICIT_RETAIN_SELF = YES;
				CLANG_WARN_OBJC_LITERAL_CONVERSION = YES;
				CLANG_WARN_OBJC_ROOT_CLASS = YES_ERROR;
				CLANG_WARN_QUOTED_INCLUDE_IN_FRAMEWORK_HEADER = YES;
				CLANG_WARN_RANGE_LOOP_ANALYSIS = YES;
				CLANG_WARN_STRICT_PROTOTYPES = YES;
				CLANG_WARN_SUSPICIOUS_MOVE = YES;
				CLANG_WARN_UNGUARDED_AVAILABILITY = YES_AGGRESSIVE;
				CLANG_WARN_UNREACHABLE_CODE = YES;
				CLANG_WARN__DUPLICATE_METHOD_MATCH = YES;
				COPY_PHASE_STRIP = NO;
				DEBUG_INFORMATION_FORMAT = dwarf;
				ENABLE_STRICT_OBJC_MSGSEND = YES;
				ENABLE_TESTABILITY = YES;
				GCC_C_LANGUAGE_STANDARD = gnu11;
				GCC_DYNAMIC_NO_PIC = NO;
				GCC_NO_COMMON_BLOCKS = YES;
				GCC_OPTIMIZATION_LEVEL = 0;
				GCC_PREPROCESSOR_DEFINITIONS = (
					"DEBUG=1",
					"$(inherited)",
				);
				GCC_WARN_64_TO_32_BIT_CONVERSION = YES;
				GCC_WARN_ABOUT_RETURN_TYPE = YES_ERROR;
				GCC_WARN_UNDECLARED_SELECTOR = YES;
				GCC_WARN_UNINITIALIZED_AUTOS = YES_AGGRESSIVE;
				GCC_WARN_UNUSED_FUNCTION = YES;
				GCC_WARN_UNUSED_VARIABLE = YES;
				IPHONEOS_DEPLOYMENT_TARGET = 15.2;
				MTL_ENABLE_DEBUG_INFO = INCLUDE_SOURCE;
				MTL_FAST_MATH = YES;
				ONLY_ACTIVE_ARCH = YES;
				SDKROOT = iphoneos;
				SWIFT_ACTIVE_COMPILATION_CONDITIONS = DEBUG;
				SWIFT_OPTIMIZATION_LEVEL = "-Onone";
			};
			name = Debug;
		};
		190C621927DB724200DF92C2 /* Release */ = {
			isa = XCBuildConfiguration;
			buildSettings = {
				ALWAYS_SEARCH_USER_PATHS = NO;
				CLANG_ANALYZER_LOCALIZABILITY_NONLOCALIZED = YES;
				CLANG_ANALYZER_NONNULL = YES;
				CLANG_ANALYZER_NUMBER_OBJECT_CONVERSION = YES_AGGRESSIVE;
				CLANG_CXX_LANGUAGE_STANDARD = "gnu++17";
				CLANG_CXX_LIBRARY = "libc++";
				CLANG_ENABLE_MODULES = YES;
				CLANG_ENABLE_OBJC_ARC = YES;
				CLANG_ENABLE_OBJC_WEAK = YES;
				CLANG_WARN_BLOCK_CAPTURE_AUTORELEASING = YES;
				CLANG_WARN_BOOL_CONVERSION = YES;
				CLANG_WARN_COMMA = YES;
				CLANG_WARN_CONSTANT_CONVERSION = YES;
				CLANG_WARN_DEPRECATED_OBJC_IMPLEMENTATIONS = YES;
				CLANG_WARN_DIRECT_OBJC_ISA_USAGE = YES_ERROR;
				CLANG_WARN_DOCUMENTATION_COMMENTS = YES;
				CLANG_WARN_EMPTY_BODY = YES;
				CLANG_WARN_ENUM_CONVERSION = YES;
				CLANG_WARN_INFINITE_RECURSION = YES;
				CLANG_WARN_INT_CONVERSION = YES;
				CLANG_WARN_NON_LITERAL_NULL_CONVERSION = YES;
				CLANG_WARN_OBJC_IMPLICIT_RETAIN_SELF = YES;
				CLANG_WARN_OBJC_LITERAL_CONVERSION = YES;
				CLANG_WARN_OBJC_ROOT_CLASS = YES_ERROR;
				CLANG_WARN_QUOTED_INCLUDE_IN_FRAMEWORK_HEADER = YES;
				CLANG_WARN_RANGE_LOOP_ANALYSIS = YES;
				CLANG_WARN_STRICT_PROTOTYPES = YES;
				CLANG_WARN_SUSPICIOUS_MOVE = YES;
				CLANG_WARN_UNGUARDED_AVAILABILITY = YES_AGGRESSIVE;
				CLANG_WARN_UNREACHABLE_CODE = YES;
				CLANG_WARN__DUPLICATE_METHOD_MATCH = YES;
				COPY_PHASE_STRIP = NO;
				DEBUG_INFORMATION_FORMAT = "dwarf-with-dsym";
				ENABLE_NS_ASSERTIONS = NO;
				ENABLE_STRICT_OBJC_MSGSEND = YES;
				GCC_C_LANGUAGE_STANDARD = gnu11;
				GCC_NO_COMMON_BLOCKS = YES;
				GCC_WARN_64_TO_32_BIT_CONVERSION = YES;
				GCC_WARN_ABOUT_RETURN_TYPE = YES_ERROR;
				GCC_WARN_UNDECLARED_SELECTOR = YES;
				GCC_WARN_UNINITIALIZED_AUTOS = YES_AGGRESSIVE;
				GCC_WARN_UNUSED_FUNCTION = YES;
				GCC_WARN_UNUSED_VARIABLE = YES;
				IPHONEOS_DEPLOYMENT_TARGET = 15.2;
				MTL_ENABLE_DEBUG_INFO = NO;
				MTL_FAST_MATH = YES;
				SDKROOT = iphoneos;
				SWIFT_COMPILATION_MODE = wholemodule;
				SWIFT_OPTIMIZATION_LEVEL = "-O";
				VALIDATE_PRODUCT = YES;
			};
			name = Release;
		};
		190C621B27DB724200DF92C2 /* Debug */ = {
			isa = XCBuildConfiguration;
			buildSettings = {
				ASSETCATALOG_COMPILER_APPICON_NAME = AppIcon;
				ASSETCATALOG_COMPILER_GLOBAL_ACCENT_COLOR_NAME = AccentColor;
				CODE_SIGN_STYLE = Automatic;
				CURRENT_PROJECT_VERSION = 1;
				DEVELOPMENT_TEAM = F92U2Z3V78;
				GENERATE_INFOPLIST_FILE = YES;
				INFOPLIST_FILE = "${SRCROOT}/Shifts/Support Files/Info.plist";
				INFOPLIST_KEY_UIApplicationSupportsIndirectInputEvents = YES;
				INFOPLIST_KEY_UILaunchStoryboardName = LaunchScreen;
				INFOPLIST_KEY_UISupportedInterfaceOrientations = UIInterfaceOrientationPortrait;
				INFOPLIST_KEY_UISupportedInterfaceOrientations_iPad = "UIInterfaceOrientationPortrait UIInterfaceOrientationPortraitUpsideDown UIInterfaceOrientationLandscapeLeft UIInterfaceOrientationLandscapeRight";
				INFOPLIST_KEY_UISupportedInterfaceOrientations_iPhone = "UIInterfaceOrientationPortrait UIInterfaceOrientationLandscapeLeft UIInterfaceOrientationLandscapeRight";
				IPHONEOS_DEPLOYMENT_TARGET = 14.0;
				LD_RUNPATH_SEARCH_PATHS = (
					"$(inherited)",
					"@executable_path/Frameworks",
				);
				MARKETING_VERSION = 1.0;
				PRODUCT_BUNDLE_IDENTIFIER = com.distillery.Shifts;
				PRODUCT_NAME = "$(TARGET_NAME)";
				SWIFT_EMIT_LOC_STRINGS = YES;
				SWIFT_VERSION = 5.0;
				TARGETED_DEVICE_FAMILY = "1,2";
			};
			name = Debug;
		};
		190C621C27DB724200DF92C2 /* Release */ = {
			isa = XCBuildConfiguration;
			buildSettings = {
				ASSETCATALOG_COMPILER_APPICON_NAME = AppIcon;
				ASSETCATALOG_COMPILER_GLOBAL_ACCENT_COLOR_NAME = AccentColor;
				CODE_SIGN_STYLE = Automatic;
				CURRENT_PROJECT_VERSION = 1;
				DEVELOPMENT_TEAM = F92U2Z3V78;
				GENERATE_INFOPLIST_FILE = YES;
				INFOPLIST_FILE = "${SRCROOT}/Shifts/Support Files/Info.plist";
				INFOPLIST_KEY_UIApplicationSupportsIndirectInputEvents = YES;
				INFOPLIST_KEY_UILaunchStoryboardName = LaunchScreen;
				INFOPLIST_KEY_UISupportedInterfaceOrientations = UIInterfaceOrientationPortrait;
				INFOPLIST_KEY_UISupportedInterfaceOrientations_iPad = "UIInterfaceOrientationPortrait UIInterfaceOrientationPortraitUpsideDown UIInterfaceOrientationLandscapeLeft UIInterfaceOrientationLandscapeRight";
				INFOPLIST_KEY_UISupportedInterfaceOrientations_iPhone = "UIInterfaceOrientationPortrait UIInterfaceOrientationLandscapeLeft UIInterfaceOrientationLandscapeRight";
				IPHONEOS_DEPLOYMENT_TARGET = 14.0;
				LD_RUNPATH_SEARCH_PATHS = (
					"$(inherited)",
					"@executable_path/Frameworks",
				);
				MARKETING_VERSION = 1.0;
				PRODUCT_BUNDLE_IDENTIFIER = com.distillery.Shifts;
				PRODUCT_NAME = "$(TARGET_NAME)";
				SWIFT_EMIT_LOC_STRINGS = YES;
				SWIFT_VERSION = 5.0;
				TARGETED_DEVICE_FAMILY = "1,2";
			};
			name = Release;
		};
		190C621E27DB724200DF92C2 /* Debug */ = {
			isa = XCBuildConfiguration;
			buildSettings = {
				ALWAYS_EMBED_SWIFT_STANDARD_LIBRARIES = YES;
				BUNDLE_LOADER = "$(TEST_HOST)";
				CODE_SIGN_STYLE = Automatic;
				CURRENT_PROJECT_VERSION = 1;
				DEVELOPMENT_TEAM = F92U2Z3V78;
				GENERATE_INFOPLIST_FILE = YES;
				IPHONEOS_DEPLOYMENT_TARGET = 15.2;
				MARKETING_VERSION = 1.0;
				PRODUCT_BUNDLE_IDENTIFIER = com.distillery.ShiftsTests;
				PRODUCT_NAME = "$(TARGET_NAME)";
				SWIFT_EMIT_LOC_STRINGS = NO;
				SWIFT_VERSION = 5.0;
				TARGETED_DEVICE_FAMILY = "1,2";
				TEST_HOST = "$(BUILT_PRODUCTS_DIR)/Shifts.app/Shifts";
			};
			name = Debug;
		};
		190C621F27DB724200DF92C2 /* Release */ = {
			isa = XCBuildConfiguration;
			buildSettings = {
				ALWAYS_EMBED_SWIFT_STANDARD_LIBRARIES = YES;
				BUNDLE_LOADER = "$(TEST_HOST)";
				CODE_SIGN_STYLE = Automatic;
				CURRENT_PROJECT_VERSION = 1;
				DEVELOPMENT_TEAM = F92U2Z3V78;
				GENERATE_INFOPLIST_FILE = YES;
				IPHONEOS_DEPLOYMENT_TARGET = 15.2;
				MARKETING_VERSION = 1.0;
				PRODUCT_BUNDLE_IDENTIFIER = com.distillery.ShiftsTests;
				PRODUCT_NAME = "$(TARGET_NAME)";
				SWIFT_EMIT_LOC_STRINGS = NO;
				SWIFT_VERSION = 5.0;
				TARGETED_DEVICE_FAMILY = "1,2";
				TEST_HOST = "$(BUILT_PRODUCTS_DIR)/Shifts.app/Shifts";
			};
			name = Release;
		};
		190C622127DB724200DF92C2 /* Debug */ = {
			isa = XCBuildConfiguration;
			buildSettings = {
				ALWAYS_EMBED_SWIFT_STANDARD_LIBRARIES = YES;
				CODE_SIGN_STYLE = Automatic;
				CURRENT_PROJECT_VERSION = 1;
				DEVELOPMENT_TEAM = F92U2Z3V78;
				GENERATE_INFOPLIST_FILE = YES;
				MARKETING_VERSION = 1.0;
				PRODUCT_BUNDLE_IDENTIFIER = com.distillery.ShiftsUITests;
				PRODUCT_NAME = "$(TARGET_NAME)";
				SWIFT_EMIT_LOC_STRINGS = NO;
				SWIFT_VERSION = 5.0;
				TARGETED_DEVICE_FAMILY = "1,2";
				TEST_TARGET_NAME = Shifts;
			};
			name = Debug;
		};
		190C622227DB724200DF92C2 /* Release */ = {
			isa = XCBuildConfiguration;
			buildSettings = {
				ALWAYS_EMBED_SWIFT_STANDARD_LIBRARIES = YES;
				CODE_SIGN_STYLE = Automatic;
				CURRENT_PROJECT_VERSION = 1;
				DEVELOPMENT_TEAM = F92U2Z3V78;
				GENERATE_INFOPLIST_FILE = YES;
				MARKETING_VERSION = 1.0;
				PRODUCT_BUNDLE_IDENTIFIER = com.distillery.ShiftsUITests;
				PRODUCT_NAME = "$(TARGET_NAME)";
				SWIFT_EMIT_LOC_STRINGS = NO;
				SWIFT_VERSION = 5.0;
				TARGETED_DEVICE_FAMILY = "1,2";
				TEST_TARGET_NAME = Shifts;
			};
			name = Release;
		};
		190C624727DB813100DF92C2 /* Debug */ = {
			isa = XCBuildConfiguration;
			buildSettings = {
				ASSETCATALOG_COMPILER_APPICON_NAME = AppIcon;
				ASSETCATALOG_COMPILER_GLOBAL_ACCENT_COLOR_NAME = AccentColor;
				CODE_SIGN_STYLE = Automatic;
				CURRENT_PROJECT_VERSION = 1;
				DEVELOPMENT_TEAM = F92U2Z3V78;
				GENERATE_INFOPLIST_FILE = YES;
				INFOPLIST_FILE = "${SRCROOT}/Shifts/Support Files/Info-Test.plist";
				INFOPLIST_KEY_UIApplicationSupportsIndirectInputEvents = YES;
				INFOPLIST_KEY_UILaunchStoryboardName = LaunchScreen;
				INFOPLIST_KEY_UISupportedInterfaceOrientations = UIInterfaceOrientationPortrait;
				INFOPLIST_KEY_UISupportedInterfaceOrientations_iPad = "UIInterfaceOrientationPortrait UIInterfaceOrientationPortraitUpsideDown UIInterfaceOrientationLandscapeLeft UIInterfaceOrientationLandscapeRight";
				INFOPLIST_KEY_UISupportedInterfaceOrientations_iPhone = "UIInterfaceOrientationPortrait UIInterfaceOrientationLandscapeLeft UIInterfaceOrientationLandscapeRight";
				IPHONEOS_DEPLOYMENT_TARGET = 14.0;
				LD_RUNPATH_SEARCH_PATHS = (
					"$(inherited)",
					"@executable_path/Frameworks",
				);
				MARKETING_VERSION = 1.0;
				PRODUCT_BUNDLE_IDENTIFIER = "com.distillery.Shifts-Test";
				PRODUCT_NAME = "$(TARGET_NAME)";
				SWIFT_EMIT_LOC_STRINGS = YES;
				SWIFT_VERSION = 5.0;
				TARGETED_DEVICE_FAMILY = "1,2";
			};
			name = Debug;
		};
		190C624827DB813100DF92C2 /* Release */ = {
			isa = XCBuildConfiguration;
			buildSettings = {
				ASSETCATALOG_COMPILER_APPICON_NAME = AppIcon;
				ASSETCATALOG_COMPILER_GLOBAL_ACCENT_COLOR_NAME = AccentColor;
				CODE_SIGN_STYLE = Automatic;
				CURRENT_PROJECT_VERSION = 1;
				DEVELOPMENT_TEAM = F92U2Z3V78;
				GENERATE_INFOPLIST_FILE = YES;
				INFOPLIST_FILE = "${SRCROOT}/Shifts/Support Files/Info-Test.plist";
				INFOPLIST_KEY_UIApplicationSupportsIndirectInputEvents = YES;
				INFOPLIST_KEY_UILaunchStoryboardName = LaunchScreen;
				INFOPLIST_KEY_UISupportedInterfaceOrientations = UIInterfaceOrientationPortrait;
				INFOPLIST_KEY_UISupportedInterfaceOrientations_iPad = "UIInterfaceOrientationPortrait UIInterfaceOrientationPortraitUpsideDown UIInterfaceOrientationLandscapeLeft UIInterfaceOrientationLandscapeRight";
				INFOPLIST_KEY_UISupportedInterfaceOrientations_iPhone = "UIInterfaceOrientationPortrait UIInterfaceOrientationLandscapeLeft UIInterfaceOrientationLandscapeRight";
				IPHONEOS_DEPLOYMENT_TARGET = 14.0;
				LD_RUNPATH_SEARCH_PATHS = (
					"$(inherited)",
					"@executable_path/Frameworks",
				);
				MARKETING_VERSION = 1.0;
				PRODUCT_BUNDLE_IDENTIFIER = "com.distillery.Shifts-Test";
				PRODUCT_NAME = "$(TARGET_NAME)";
				SWIFT_EMIT_LOC_STRINGS = YES;
				SWIFT_VERSION = 5.0;
				TARGETED_DEVICE_FAMILY = "1,2";
			};
			name = Release;
		};
/* End XCBuildConfiguration section */

/* Begin XCConfigurationList section */
		190C61EB27DB723E00DF92C2 /* Build configuration list for PBXProject "Shifts" */ = {
			isa = XCConfigurationList;
			buildConfigurations = (
				190C621827DB724200DF92C2 /* Debug */,
				190C621927DB724200DF92C2 /* Release */,
			);
			defaultConfigurationIsVisible = 0;
			defaultConfigurationName = Release;
		};
		190C621A27DB724200DF92C2 /* Build configuration list for PBXNativeTarget "Shifts" */ = {
			isa = XCConfigurationList;
			buildConfigurations = (
				190C621B27DB724200DF92C2 /* Debug */,
				190C621C27DB724200DF92C2 /* Release */,
			);
			defaultConfigurationIsVisible = 0;
			defaultConfigurationName = Release;
		};
		190C621D27DB724200DF92C2 /* Build configuration list for PBXNativeTarget "ShiftsTests" */ = {
			isa = XCConfigurationList;
			buildConfigurations = (
				190C621E27DB724200DF92C2 /* Debug */,
				190C621F27DB724200DF92C2 /* Release */,
			);
			defaultConfigurationIsVisible = 0;
			defaultConfigurationName = Release;
		};
		190C622027DB724200DF92C2 /* Build configuration list for PBXNativeTarget "ShiftsUITests" */ = {
			isa = XCConfigurationList;
			buildConfigurations = (
				190C622127DB724200DF92C2 /* Debug */,
				190C622227DB724200DF92C2 /* Release */,
			);
			defaultConfigurationIsVisible = 0;
			defaultConfigurationName = Release;
		};
		190C624627DB813100DF92C2 /* Build configuration list for PBXNativeTarget "Shifts-Test" */ = {
			isa = XCConfigurationList;
			buildConfigurations = (
				190C624727DB813100DF92C2 /* Debug */,
				190C624827DB813100DF92C2 /* Release */,
			);
			defaultConfigurationIsVisible = 0;
			defaultConfigurationName = Release;
		};
/* End XCConfigurationList section */
	};
	rootObject = 190C61E827DB723E00DF92C2 /* Project object */;
}
